{
  "requires": true,
  "lockfileVersion": 1,
  "dependencies": {
    "weather-underground-icons": {
      "version": "1.0.0",
      "resolved": "https://registry.npmjs.org/weather-underground-icons/-/weather-underground-icons-1.0.0.tgz",
      "integrity": "sha1-FfKVGkbR3/ZIuADnrf2ArxmJoJs="
    }
  }
}
